
Microsoft Visual Studio Solution File, Format Version 12.00
# Visual Studio 15
VisualStudioVersion = 15.0.27428.2037
MinimumVisualStudioVersion = 10.0.40219.1
Project("{9A19103F-16F7-4668-BE54-9A1E7A4F7556}") = "Vlingo.Actors", "Vlingo.Actors\Vlingo.Actors.csproj", "{854B3089-2737-4F96-930D-8812DE851903}"
EndProject
Project("{9A19103F-16F7-4668-BE54-9A1E7A4F7556}") = "Vlingo.Actors.Tests", "Vlingo.Actors.Tests\Vlingo.Actors.Tests.csproj", "{1E906E6D-19E3-4943-B3D8-F4E024AE3A03}"
EndProject
Global
	GlobalSection(SolutionConfigurationPlatforms) = preSolution
		Debug|Any CPU = Debug|Any CPU
		Release|Any CPU = Release|Any CPU
	EndGlobalSection
	GlobalSection(ProjectConfigurationPlatforms) = postSolution
		{854B3089-2737-4F96-930D-8812DE851903}.Debug|Any CPU.ActiveCfg = Debug|Any CPU
		{854B3089-2737-4F96-930D-8812DE851903}.Debug|Any CPU.Build.0 = Debug|Any CPU
		{854B3089-2737-4F96-930D-8812DE851903}.Release|Any CPU.ActiveCfg = Release|Any CPU
		{854B3089-2737-4F96-930D-8812DE851903}.Release|Any CPU.Build.0 = Release|Any CPU
		{1E906E6D-19E3-4943-B3D8-F4E024AE3A03}.Debug|Any CPU.ActiveCfg = Debug|Any CPU
		{1E906E6D-19E3-4943-B3D8-F4E024AE3A03}.Debug|Any CPU.Build.0 = Debug|Any CPU
		{1E906E6D-19E3-4943-B3D8-F4E024AE3A03}.Release|Any CPU.ActiveCfg = Release|Any CPU
		{1E906E6D-19E3-4943-B3D8-F4E024AE3A03}.Release|Any CPU.Build.0 = Release|Any CPU
	EndGlobalSection
	GlobalSection(SolutionProperties) = preSolution
		HideSolutionNode = FALSE
	EndGlobalSection
	GlobalSection(ExtensibilityGlobals) = postSolution
		SolutionGuid = {47F8D8E5-00A9-4484-A985-1E0FF772B43D}
	EndGlobalSection
EndGlobal
